<?xml version="1.0" encoding="utf-8"?>
<Project ToolsVersion="4.0" xmlns="http://schemas.microsoft.com/developer/msbuild/2003">
  <ItemGroup>
    <Filter Include="Source Files">
      <UniqueIdentifier>{3f3bcb1b-5b23-45e8-aff8-d2cb8ac60bae}</UniqueIdentifier>
      <Extensions>cpp;c;cxx;rc;def;r;odl;idl;hpj;bat</Extensions>
    </Filter>
    <Filter Include="Header Files">
      <UniqueIdentifier>{ab9c603a-e887-4708-9781-822201a18de7}</UniqueIdentifier>
      <Extensions>h;hpp;hxx;hm;inl</Extensions>
    </Filter>
    <Filter Include="Resource Files">
      <UniqueIdentifier>{b9e9a4e9-5254-469c-b6cc-53e5a2fb20fb}</UniqueIdentifier>
      <Extensions>ico;cur;bmp;dlg;rc2;rct;bin;cnt;rtf;gif;jpg;jpeg;jpe</Extensions>
    </Filter>
    <Filter Include="DLL Dependencies">
      <UniqueIdentifier>{355b1e8b-988f-42a7-baeb-8ab028cfae23}</UniqueIdentifier>
    </Filter>
  </ItemGroup>
  <ItemGroup>
    <ClCompile Include="ExampleTestCase.cpp">
      <Filter>Source Files</Filter>
    </ClCompile>
    <ClCompile Include="HostApp.cpp">
      <Filter>Source Files</Filter>
    </ClCompile>
    <ClCompile Include="HostAppDoc.cpp">
      <Filter>Source Files</Filter>
    </ClCompile>
    <ClCompile Include="HostAppView.cpp">
      <Filter>Source Files</Filter>
    </ClCompile>
    <ClCompile Include="MainFrm.cpp">
      <Filter>Source Files</Filter>
    </ClCompile>
    <ClCompile Include="StdAfx.cpp">
      <Filter>Source Files</Filter>
    </ClCompile>
  </ItemGroup>
  <ItemGroup>
    <ResourceCompile Include="HostApp.rc">
      <Filter>Source Files</Filter>
    </ResourceCompile>
  </ItemGroup>
  <ItemGroup>
    <ClInclude Include="ExampleTestCase.h">
      <Filter>Header Files</Filter>
    </ClInclude>
    <ClInclude Include="HostApp.h">
      <Filter>Header Files</Filter>
    </ClInclude>
    <ClInclude Include="HostAppDoc.h">
      <Filter>Header Files</Filter>
    </ClInclude>
    <ClInclude Include="HostAppView.h">
      <Filter>Header Files</Filter>
    </ClInclude>
    <ClInclude Include="MainFrm.h">
      <Filter>Header Files</Filter>
    </ClInclude>
    <ClInclude Include="Resource.h">
      <Filter>Header Files</Filter>
    </ClInclude>
    <ClInclude Include="StdAfx.h">
      <Filter>Header Files</Filter>
    </ClInclude>
  </ItemGroup>
  <ItemGroup>
    <Image Include="res\HostApp.ico">
      <Filter>Resource Files</Filter>
    </Image>
    <Image Include="res\HostAppDoc.ico">
      <Filter>Resource Files</Filter>
    </Image>
    <Image Include="res\Toolbar.bmp">
      <Filter>Resource Files</Filter>
    </Image>
  </ItemGroup>
  <ItemGroup>
    <Text Include="ReadMe.txt" />
  </ItemGroup>
  <ItemGroup>
    <CustomBuild Include="res\HostApp.rc2">
      <Filter>Resource Files</Filter>
    </CustomBuild>
    <CustomBuild Include="..\..\..\lib\testrunner.dll">
      <Filter>DLL Dependencies</Filter>
    </CustomBuild>
    <CustomBuild Include="..\..\..\lib\testrunnerd.dll">
      <Filter>DLL Dependencies</Filter>
    </CustomBuild>
    <CustomBuild Include="..\..\..\lib\testrunneru.dll">
      <Filter>DLL Dependencies</Filter>
    </CustomBuild>
    <CustomBuild Include="..\..\..\lib\testrunnerud.dll">
      <Filter>DLL Dependencies</Filter>
    </CustomBuild>
  </ItemGroup>
</Project>